
Microsoft Visual Studio Solution File, Format Version 12.00
# Visual Studio Version 17
VisualStudioVersion = 17.2.32630.192
MinimumVisualStudioVersion = 10.0.40219.1
Project("{9A19103F-16F7-4668-BE54-9A1E7A4F7556}") = "Assign_1307_StringOp", "ConsoleApp1\Assign_1307_StringOp.csproj", "{443E1ADC-1888-494E-8F80-D9B82249D05E}"
EndProject
Project("{9A19103F-16F7-4668-BE54-9A1E7A4F7556}") = "Assign_1507_String", "Array_Assgn\Assign_1507_String.csproj", "{AC0A9726-60F2-43C5-BD58-5F0CE5E6D764}"
EndProject
Project("{9A19103F-16F7-4668-BE54-9A1E7A4F7556}") = "Assign_1507_Int", "Assign_1507_Int\Assign_1507_Int.csproj", "{98861849-4757-49B7-8B46-A6B2804DD80A}"
EndProject
Project("{9A19103F-16F7-4668-BE54-9A1E7A4F7556}") = "Assign_1507_List_int", "Assign_1507_List\Assign_1507_List_int.csproj", "{4BD57F0C-B940-42E3-AF47-11A86BFE7E16}"
EndProject
Project("{9A19103F-16F7-4668-BE54-9A1E7A4F7556}") = "Assign_1507_List_String", "Assign_1507_List_String\Assign_1507_List_String.csproj", "{55ED3CC6-F516-4802-8362-2C1B4D2A670C}"
EndProject
Project("{9A19103F-16F7-4668-BE54-9A1E7A4F7556}") = "Assign_1907_MS_Hospital", "CS_Basic_Calss\Assign_1907_MS_Hospital.csproj", "{541E1CCC-9BD5-4954-8BDA-7A482F6732E6}"
EndProject
Project("{9A19103F-16F7-4668-BE54-9A1E7A4F7556}") = "Assign_1207_Calc", "Assign_1207_Calc\Assign_1207_Calc.csproj", "{50EFB6CC-BD31-4BA8-B9D4-02A21B8F206B}"
EndProject
Project("{2150E333-8FDC-42A3-9474-1A3956D46DE8}") = "Practical tasks", "Practical tasks", "{76A91113-E875-4D70-9385-8354403B2ECE}"
EndProject
Project("{9A19103F-16F7-4668-BE54-9A1E7A4F7556}") = "Prob6", "Prob6\Prob6.csproj", "{4787C5F4-02E5-494F-856E-E842D3E7FE45}"
EndProject
Project("{9A19103F-16F7-4668-BE54-9A1E7A4F7556}") = "Assign_2007_Staff", "Assign_2007_Staff\Assign_2007_Staff.csproj", "{DC545168-82C4-4B09-A82A-651666603FB2}"
EndProject
Project("{9A19103F-16F7-4668-BE54-9A1E7A4F7556}") = "Assign_2107_Staff", "Assign_2107_Staff\Assign_2107_Staff.csproj", "{9DFF1110-ECAF-44CF-8C31-E32F390CAE8F}"
EndProject
Project("{9A19103F-16F7-4668-BE54-9A1E7A4F7556}") = "Task_2807", "Assign_2807\Task_2807.csproj", "{C29BE539-7D0B-46C6-89B1-D7B275CB9744}"
EndProject
Project("{9A19103F-16F7-4668-BE54-9A1E7A4F7556}") = "Assign_2607_GenApp", "CS_Gen_App\Assign_2607_GenApp.csproj", "{442EA195-C341-4668-BA69-477438BDE6C4}"
EndProject
Project("{9A19103F-16F7-4668-BE54-9A1E7A4F7556}") = "Task_2907", "Task_2907\Task_2907.csproj", "{D1F0E46D-B2C2-4B44-B4A5-4C5A187722E4}"
EndProject
Project("{9A19103F-16F7-4668-BE54-9A1E7A4F7556}") = "Assign_0108_LINQ", "Assign_0108_LINQ\Assign_0108_LINQ.csproj", "{5588BFC2-4AC3-48C1-B775-2F679D0DC5BE}"
EndProject
Project("{9A19103F-16F7-4668-BE54-9A1E7A4F7556}") = "Assign_0208_Serialization", "Staff_Serilization_0208\Assign_0208_Serialization.csproj", "{8096847E-BE62-476A-9803-966EFE12AA46}"
EndProject
Project("{9A19103F-16F7-4668-BE54-9A1E7A4F7556}") = "Assign_2707_GenApp", "CS_Gen_App_2707\Assign_2707_GenApp.csproj", "{D8C560BA-8B85-43EA-B1E6-FE53B03F99DE}"
EndProject
Project("{9A19103F-16F7-4668-BE54-9A1E7A4F7556}") = "Task_0308", "CS_FirstFile\Task_0308.csproj", "{738AD4BF-0AFF-4320-96A6-D95BC7048AE0}"
EndProject
Project("{9A19103F-16F7-4668-BE54-9A1E7A4F7556}") = "Assign_0308_GenApp_RecordInFile", "Assign_2707_GenApp_RecordInFile\Assign_0308_GenApp_RecordInFile.csproj", "{8E5460A8-11A9-4399-8E38-6241C7D85866}"
EndProject
Project("{9A19103F-16F7-4668-BE54-9A1E7A4F7556}") = "Task_0408", "Task_0408\Task_0408.csproj", "{B56929AF-85CC-4CC7-B600-A48C4E244226}"
EndProject
Project("{2150E333-8FDC-42A3-9474-1A3956D46DE8}") = "Practice interview", "Practice interview", "{E5B3588E-E0A6-4B6A-8B69-D67C962F2DB0}"
EndProject
Project("{9A19103F-16F7-4668-BE54-9A1E7A4F7556}") = "Virtual_vs_NormalMethod", "Virtual_vs_NormalMethod\Virtual_vs_NormalMethod.csproj", "{748774AE-70B9-4E85-A3D7-3412CC64E0E7}"
EndProject
Project("{9A19103F-16F7-4668-BE54-9A1E7A4F7556}") = "Abstract example", "Temp2\Abstract example.csproj", "{C18F2212-2ADD-4BD4-BF82-9497BFD448D6}"
EndProject
Project("{9A19103F-16F7-4668-BE54-9A1E7A4F7556}") = "Delegate_Usage", "Delegate_Usage\Delegate_Usage.csproj", "{C987FD73-2C25-4A35-B865-D08E9609BB88}"
EndProject
Project("{9A19103F-16F7-4668-BE54-9A1E7A4F7556}") = "Class_vs_Struct", "Class_vs_Struct\Class_vs_Struct.csproj", "{B982C94C-8645-45DA-A330-41508935EDBF}"
EndProject
Project("{9A19103F-16F7-4668-BE54-9A1E7A4F7556}") = "Armstrong", "Armstrong\Armstrong.csproj", "{A9720254-BF3B-4F36-860B-140E76B6123D}"
EndProject
Project("{9A19103F-16F7-4668-BE54-9A1E7A4F7556}") = "Interface_usage", "Interface_usage\Interface_usage.csproj", "{36A619F0-A194-46DD-BC4A-E7E0687E4B33}"
EndProject
Project("{9A19103F-16F7-4668-BE54-9A1E7A4F7556}") = "Assign_0408_CRUD in File(1st 2nd task)", "Assign_0408\Assign_0408_CRUD in File(1st 2nd task).csproj", "{8892073E-F0F4-480E-B5A6-6A21A0534B23}"
EndProject
Project("{9A19103F-16F7-4668-BE54-9A1E7A4F7556}") = "Assign_0408_ImgToByteArray(3rd task)", "Temp3\Assign_0408_ImgToByteArray(3rd task).csproj", "{C2D08864-A371-439A-BADB-2B0DDC150698}"
EndProject
Project("{9A19103F-16F7-4668-BE54-9A1E7A4F7556}") = "Assign_0408_File Info(4th task)", "Assign_0408_File Info\Assign_0408_File Info(4th task).csproj", "{6A205C55-343E-42EC-B429-AD34CC0BD919}"
EndProject
Project("{9A19103F-16F7-4668-BE54-9A1E7A4F7556}") = "Assign_0408_Moving Files(5th task)", "Assign_0408_Moving Files\Assign_0408_Moving Files(5th task).csproj", "{1273D76E-DDEE-4DF1-8CB5-59EB17D8DB20}"
EndProject
Project("{2150E333-8FDC-42A3-9474-1A3956D46DE8}") = "Practice", "Practice", "{AECBC820-5676-4E15-972A-48F9F7C71E9B}"
EndProject
Project("{9A19103F-16F7-4668-BE54-9A1E7A4F7556}") = "Fibonacci modified", "Fibonacci modifies\Fibonacci modified.csproj", "{F47EEC37-2237-4074-9EF1-469972E590D4}"
EndProject
Project("{2150E333-8FDC-42A3-9474-1A3956D46DE8}") = "Assignments", "Assignments", "{421D5665-FDA1-4C74-8DF8-B74AD8CEDF7F}"
EndProject
Project("{9A19103F-16F7-4668-BE54-9A1E7A4F7556}") = "Object is of same or different class", "Object is of same or different class\Object is of same or different class.csproj", "{23206B42-90E8-4F3B-96C2-D888C3D55F61}"
EndProject
Project("{9A19103F-16F7-4668-BE54-9A1E7A4F7556}") = "Built in Delegates", "Built in Delegates\Built in Delegates.csproj", "{F55A868C-7548-4D8B-8D72-F8D5731B586B}"
EndProject
Project("{9A19103F-16F7-4668-BE54-9A1E7A4F7556}") = "Assign_0408_JPG_to_PNG", "Assign_0408_JPG_to_PNG\Assign_0408_JPG_to_PNG.csproj", "{D1A5E828-C129-41B8-996E-19291829CC78}"
EndProject
Project("{9A19103F-16F7-4668-BE54-9A1E7A4F7556}") = "Assign_2609_Threads", "Assign_2609_Threads\Assign_2609_Threads.csproj", "{FA6FB5E0-47FE-4628-BC69-56E156F34EB3}"
EndProject
Project("{9A19103F-16F7-4668-BE54-9A1E7A4F7556}") = "Assign_2709_Parallel class", "Assign_2709_Parallel class\Assign_2709_Parallel class.csproj", "{86107BF8-B5D2-4151-AB91-FD86909F9848}"
EndProject
Project("{9A19103F-16F7-4668-BE54-9A1E7A4F7556}") = "Own practice", "Own practice\Own practice.csproj", "{F5F352BD-7BA4-4555-8E72-C97D81D5E22D}"
EndProject
Project("{9A19103F-16F7-4668-BE54-9A1E7A4F7556}") = "ClassLibrary1", "ClassLibrary1\ClassLibrary1.csproj", "{BE1D1510-FFEF-467A-8A48-F8B82272B878}"
EndProject
Project("{2150E333-8FDC-42A3-9474-1A3956D46DE8}") = "Self Practice", "Self Practice", "{2D053595-8328-4C5A-BE53-E4A37235F1EC}"
EndProject
Project("{9A19103F-16F7-4668-BE54-9A1E7A4F7556}") = "ConsoleApp3", "ConsoleApp3\ConsoleApp3.csproj", "{9C8AA54E-E3C1-4302-952A-4FB28B9BACC6}"
EndProject
Project("{2150E333-8FDC-42A3-9474-1A3956D46DE8}") = "ADO .Net", "ADO .Net", "{FB4BEFFA-12C0-404E-A22E-94982218D87B}"
EndProject
Project("{9A19103F-16F7-4668-BE54-9A1E7A4F7556}") = "Assign_0710_DB Connect", "Assign_0710_DB Connect\Assign_0710_DB Connect.csproj", "{CB2FD6C9-25A8-4298-A977-044963CA5A25}"
EndProject
Project("{9A19103F-16F7-4668-BE54-9A1E7A4F7556}") = "Assign_1010_Insert Operation with Validations", "Assign_1010_Insert Operation with Validations\Assign_1010_Insert Operation with Validations.csproj", "{64A71CB5-C385-4B94-9519-4B747F99DD10}"
EndProject
Project("{9A19103F-16F7-4668-BE54-9A1E7A4F7556}") = "Assign_1110_Disconnected Architecture", "Assign_1110_Disconnected Architecture\Assign_1110_Disconnected Architecture.csproj", "{D80C5ADF-F139-4BB6-BCAB-AEE74DE3131F}"
EndProject
Project("{2150E333-8FDC-42A3-9474-1A3956D46DE8}") = "Entity fw", "Entity fw", "{6F59226E-2330-4164-B2CA-2FBD00E25232}"
EndProject
Project("{9A19103F-16F7-4668-BE54-9A1E7A4F7556}") = "Scaffolding", "Scaffolding\Scaffolding.csproj", "{57696F8F-EB86-45C8-9ADD-0CE1F61C39CD}"
EndProject
Project("{9A19103F-16F7-4668-BE54-9A1E7A4F7556}") = "Code First Approach", "Code First Approach\Code First Approach.csproj", "{7884A72B-92B1-4F87-ADFD-0D4AF8E1EF34}"
EndProject
Project("{9A19103F-16F7-4668-BE54-9A1E7A4F7556}") = "Table Per Hierarchy", "Table Per Hierarchy\Table Per Hierarchy.csproj", "{10C985B0-E7E4-41DE-B6C0-CAF9E31A0DD7}"
EndProject
Project("{9A19103F-16F7-4668-BE54-9A1E7A4F7556}") = "NorthWind Opn 19_10", "NorthWind Opn 19_10\NorthWind Opn 19_10.csproj", "{CDBD4A72-350A-4C3A-A135-E35B48A33852}"
EndProject
Project("{2150E333-8FDC-42A3-9474-1A3956D46DE8}") = "API", "API", "{654C9142-2174-4B46-B25F-E78A015F105D}"
EndProject
Project("{9A19103F-16F7-4668-BE54-9A1E7A4F7556}") = "API Apps", "API Apps\API Apps.csproj", "{56DA6868-8003-4815-829B-7089B8619A25}"
EndProject
Project("{9A19103F-16F7-4668-BE54-9A1E7A4F7556}") = "Assign_2709_Search data parallely using thread", "Assign 2709_Search data parallely using thread\Assign_2709_Search data parallely using thread.csproj", "{26FC0198-CAAA-4BB0-8DE6-3E4B930830F3}"
EndProject
Project("{9A19103F-16F7-4668-BE54-9A1E7A4F7556}") = "Assign_2809_Task Class", "Assign_2809_Task Class\Assign_2809_Task Class.csproj", "{E9DF6B49-FB2D-4088-89FC-E47A90E3B78B}"
EndProject
Project("{9A19103F-16F7-4668-BE54-9A1E7A4F7556}") = "Assign_2909_Banking App(Problematic executn)", "Assign_2909_Banking App(Problematic executn)\Assign_2909_Banking App(Problematic executn).csproj", "{C44A24CB-4D5A-4ADF-B32D-58245DB88986}"
EndProject
Project("{9A19103F-16F7-4668-BE54-9A1E7A4F7556}") = "Assign_2909_Banking App Dict", "Assign_2909_Banking App Dict\Assign_2909_Banking App Dict.csproj", "{0450F7D6-B5B0-45CE-8115-7633C14B4168}"
EndProject
Project("{9A19103F-16F7-4668-BE54-9A1E7A4F7556}") = "API Consumer", "API Consumer\API Consumer.csproj", "{A2D0D2C3-2306-49E9-A94C-F684DADD12B5}"
EndProject
Project("{2150E333-8FDC-42A3-9474-1A3956D46DE8}") = "Project 1", "Project 1", "{6EB2273E-5417-4B42-8443-A273A25F43D1}"
EndProject
Project("{2150E333-8FDC-42A3-9474-1A3956D46DE8}") = "Project 2", "Project 2", "{93D48746-380E-42C4-8E35-5AC4FF143875}"
EndProject
Project("{9A19103F-16F7-4668-BE54-9A1E7A4F7556}") = "API Apps 2 new", "API Apps 2 new\API Apps 2 new.csproj", "{862A719B-09DF-49D4-9DCB-CE2616BCF97E}"
EndProject
Project("{9A19103F-16F7-4668-BE54-9A1E7A4F7556}") = "API client 2 new", "API client 2 new\API client 2 new.csproj", "{8D78C31B-CDA6-45D8-83CC-169759F2A1E1}"
EndProject
Project("{2150E333-8FDC-42A3-9474-1A3956D46DE8}") = "MVC", "MVC", "{C413E00A-6E5E-4747-AD2C-8B8281EA4874}"
EndProject
Project("{2150E333-8FDC-42A3-9474-1A3956D46DE8}") = "First", "First", "{CB1DC923-FF20-46B3-8B6B-16D25414AADF}"
EndProject
Project("{9A19103F-16F7-4668-BE54-9A1E7A4F7556}") = "Coditas_MVCApps1_DataAccess", "Coditas_MVCApps1_DataAccess\Coditas_MVCApps1_DataAccess.csproj", "{2E1FFD5A-5D0D-4D69-A586-0DE1D08BF972}"
EndProject
Project("{9A19103F-16F7-4668-BE54-9A1E7A4F7556}") = "Coditas_MVCApps1_Entities", "Coditas_MVCApps1_Entities\Coditas_MVCApps1_Entities.csproj", "{AC326DD3-1DDC-4187-9A5A-B79186CB564B}"
EndProject
Project("{9A19103F-16F7-4668-BE54-9A1E7A4F7556}") = "Coditas_MVCApps1_Repository", "Coditas_MVCApps1_Repository\Coditas_MVCApps1_Repository.csproj", "{C7288946-0921-4DC5-BD2E-BFE4E96F2B41}"
EndProject
Project("{9A19103F-16F7-4668-BE54-9A1E7A4F7556}") = "MVCApps1", "MVCApps1\MVCApps1.csproj", "{A5E003D8-A822-4E56-A131-B3834E4E2578}"
EndProject
Project("{2150E333-8FDC-42A3-9474-1A3956D46DE8}") = "Second", "Second", "{81196A07-DE20-4E95-AB2A-A0504168C578}"
EndProject
Project("{FAE04EC0-301F-11D3-BF4B-00C04F79EFBC}") = "ConsumerMVC", "ConsumerMVC\ConsumerMVC.csproj", "{FD6637ED-B4D8-43F8-97DF-932CC6E97B39}"
EndProject
Project("{9A19103F-16F7-4668-BE54-9A1E7A4F7556}") = "WebApplication4", "WebApplication4\WebApplication4.csproj", "{B78AA598-12F3-4F40-8977-360A73EA2A93}"
EndProject
Project("{2150E333-8FDC-42A3-9474-1A3956D46DE8}") = "Quiz", "Quiz", "{7145778D-5455-48E6-AFCE-9784CB46BAE2}"
EndProject
Project("{FAE04EC0-301F-11D3-BF4B-00C04F79EFBC}") = "Quiz App", "Quiz App\Quiz App.csproj", "{3673B141-CABD-4A4C-9819-5490378F9642}"
EndProject
Global
	GlobalSection(SolutionConfigurationPlatforms) = preSolution
		Debug|Any CPU = Debug|Any CPU
		Release|Any CPU = Release|Any CPU
	EndGlobalSection
	GlobalSection(ProjectConfigurationPlatforms) = postSolution
		{443E1ADC-1888-494E-8F80-D9B82249D05E}.Debug|Any CPU.ActiveCfg = Debug|Any CPU
		{443E1ADC-1888-494E-8F80-D9B82249D05E}.Debug|Any CPU.Build.0 = Debug|Any CPU
		{443E1ADC-1888-494E-8F80-D9B82249D05E}.Release|Any CPU.ActiveCfg = Release|Any CPU
		{443E1ADC-1888-494E-8F80-D9B82249D05E}.Release|Any CPU.Build.0 = Release|Any CPU
		{AC0A9726-60F2-43C5-BD58-5F0CE5E6D764}.Debug|Any CPU.ActiveCfg = Debug|Any CPU
		{AC0A9726-60F2-43C5-BD58-5F0CE5E6D764}.Debug|Any CPU.Build.0 = Debug|Any CPU
		{AC0A9726-60F2-43C5-BD58-5F0CE5E6D764}.Release|Any CPU.ActiveCfg = Release|Any CPU
		{AC0A9726-60F2-43C5-BD58-5F0CE5E6D764}.Release|Any CPU.Build.0 = Release|Any CPU
		{98861849-4757-49B7-8B46-A6B2804DD80A}.Debug|Any CPU.ActiveCfg = Debug|Any CPU
		{98861849-4757-49B7-8B46-A6B2804DD80A}.Debug|Any CPU.Build.0 = Debug|Any CPU
		{98861849-4757-49B7-8B46-A6B2804DD80A}.Release|Any CPU.ActiveCfg = Release|Any CPU
		{98861849-4757-49B7-8B46-A6B2804DD80A}.Release|Any CPU.Build.0 = Release|Any CPU
		{4BD57F0C-B940-42E3-AF47-11A86BFE7E16}.Debug|Any CPU.ActiveCfg = Debug|Any CPU
		{4BD57F0C-B940-42E3-AF47-11A86BFE7E16}.Debug|Any CPU.Build.0 = Debug|Any CPU
		{4BD57F0C-B940-42E3-AF47-11A86BFE7E16}.Release|Any CPU.ActiveCfg = Release|Any CPU
		{4BD57F0C-B940-42E3-AF47-11A86BFE7E16}.Release|Any CPU.Build.0 = Release|Any CPU
		{55ED3CC6-F516-4802-8362-2C1B4D2A670C}.Debug|Any CPU.ActiveCfg = Debug|Any CPU
		{55ED3CC6-F516-4802-8362-2C1B4D2A670C}.Debug|Any CPU.Build.0 = Debug|Any CPU
		{55ED3CC6-F516-4802-8362-2C1B4D2A670C}.Release|Any CPU.ActiveCfg = Release|Any CPU
		{55ED3CC6-F516-4802-8362-2C1B4D2A670C}.Release|Any CPU.Build.0 = Release|Any CPU
		{541E1CCC-9BD5-4954-8BDA-7A482F6732E6}.Debug|Any CPU.ActiveCfg = Debug|Any CPU
		{541E1CCC-9BD5-4954-8BDA-7A482F6732E6}.Debug|Any CPU.Build.0 = Debug|Any CPU
		{541E1CCC-9BD5-4954-8BDA-7A482F6732E6}.Release|Any CPU.ActiveCfg = Release|Any CPU
		{541E1CCC-9BD5-4954-8BDA-7A482F6732E6}.Release|Any CPU.Build.0 = Release|Any CPU
		{50EFB6CC-BD31-4BA8-B9D4-02A21B8F206B}.Debug|Any CPU.ActiveCfg = Debug|Any CPU
		{50EFB6CC-BD31-4BA8-B9D4-02A21B8F206B}.Debug|Any CPU.Build.0 = Debug|Any CPU
		{50EFB6CC-BD31-4BA8-B9D4-02A21B8F206B}.Release|Any CPU.ActiveCfg = Release|Any CPU
		{50EFB6CC-BD31-4BA8-B9D4-02A21B8F206B}.Release|Any CPU.Build.0 = Release|Any CPU
		{4787C5F4-02E5-494F-856E-E842D3E7FE45}.Debug|Any CPU.ActiveCfg = Debug|Any CPU
		{4787C5F4-02E5-494F-856E-E842D3E7FE45}.Debug|Any CPU.Build.0 = Debug|Any CPU
		{4787C5F4-02E5-494F-856E-E842D3E7FE45}.Release|Any CPU.ActiveCfg = Release|Any CPU
		{4787C5F4-02E5-494F-856E-E842D3E7FE45}.Release|Any CPU.Build.0 = Release|Any CPU
		{DC545168-82C4-4B09-A82A-651666603FB2}.Debug|Any CPU.ActiveCfg = Debug|Any CPU
		{DC545168-82C4-4B09-A82A-651666603FB2}.Debug|Any CPU.Build.0 = Debug|Any CPU
		{DC545168-82C4-4B09-A82A-651666603FB2}.Release|Any CPU.ActiveCfg = Release|Any CPU
		{DC545168-82C4-4B09-A82A-651666603FB2}.Release|Any CPU.Build.0 = Release|Any CPU
		{9DFF1110-ECAF-44CF-8C31-E32F390CAE8F}.Debug|Any CPU.ActiveCfg = Debug|Any CPU
		{9DFF1110-ECAF-44CF-8C31-E32F390CAE8F}.Debug|Any CPU.Build.0 = Debug|Any CPU
		{9DFF1110-ECAF-44CF-8C31-E32F390CAE8F}.Release|Any CPU.ActiveCfg = Release|Any CPU
		{9DFF1110-ECAF-44CF-8C31-E32F390CAE8F}.Release|Any CPU.Build.0 = Release|Any CPU
		{C29BE539-7D0B-46C6-89B1-D7B275CB9744}.Debug|Any CPU.ActiveCfg = Debug|Any CPU
		{C29BE539-7D0B-46C6-89B1-D7B275CB9744}.Debug|Any CPU.Build.0 = Debug|Any CPU
		{C29BE539-7D0B-46C6-89B1-D7B275CB9744}.Release|Any CPU.ActiveCfg = Release|Any CPU
		{C29BE539-7D0B-46C6-89B1-D7B275CB9744}.Release|Any CPU.Build.0 = Release|Any CPU
		{442EA195-C341-4668-BA69-477438BDE6C4}.Debug|Any CPU.ActiveCfg = Debug|Any CPU
		{442EA195-C341-4668-BA69-477438BDE6C4}.Debug|Any CPU.Build.0 = Debug|Any CPU
		{442EA195-C341-4668-BA69-477438BDE6C4}.Release|Any CPU.ActiveCfg = Release|Any CPU
		{442EA195-C341-4668-BA69-477438BDE6C4}.Release|Any CPU.Build.0 = Release|Any CPU
		{D1F0E46D-B2C2-4B44-B4A5-4C5A187722E4}.Debug|Any CPU.ActiveCfg = Debug|Any CPU
		{D1F0E46D-B2C2-4B44-B4A5-4C5A187722E4}.Debug|Any CPU.Build.0 = Debug|Any CPU
		{D1F0E46D-B2C2-4B44-B4A5-4C5A187722E4}.Release|Any CPU.ActiveCfg = Release|Any CPU
		{D1F0E46D-B2C2-4B44-B4A5-4C5A187722E4}.Release|Any CPU.Build.0 = Release|Any CPU
		{5588BFC2-4AC3-48C1-B775-2F679D0DC5BE}.Debug|Any CPU.ActiveCfg = Debug|Any CPU
		{5588BFC2-4AC3-48C1-B775-2F679D0DC5BE}.Debug|Any CPU.Build.0 = Debug|Any CPU
		{5588BFC2-4AC3-48C1-B775-2F679D0DC5BE}.Release|Any CPU.ActiveCfg = Release|Any CPU
		{5588BFC2-4AC3-48C1-B775-2F679D0DC5BE}.Release|Any CPU.Build.0 = Release|Any CPU
		{8096847E-BE62-476A-9803-966EFE12AA46}.Debug|Any CPU.ActiveCfg = Debug|Any CPU
		{8096847E-BE62-476A-9803-966EFE12AA46}.Debug|Any CPU.Build.0 = Debug|Any CPU
		{8096847E-BE62-476A-9803-966EFE12AA46}.Release|Any CPU.ActiveCfg = Release|Any CPU
		{8096847E-BE62-476A-9803-966EFE12AA46}.Release|Any CPU.Build.0 = Release|Any CPU
		{D8C560BA-8B85-43EA-B1E6-FE53B03F99DE}.Debug|Any CPU.ActiveCfg = Debug|Any CPU
		{D8C560BA-8B85-43EA-B1E6-FE53B03F99DE}.Debug|Any CPU.Build.0 = Debug|Any CPU
		{D8C560BA-8B85-43EA-B1E6-FE53B03F99DE}.Release|Any CPU.ActiveCfg = Release|Any CPU
		{D8C560BA-8B85-43EA-B1E6-FE53B03F99DE}.Release|Any CPU.Build.0 = Release|Any CPU
		{738AD4BF-0AFF-4320-96A6-D95BC7048AE0}.Debug|Any CPU.ActiveCfg = Debug|Any CPU
		{738AD4BF-0AFF-4320-96A6-D95BC7048AE0}.Debug|Any CPU.Build.0 = Debug|Any CPU
		{738AD4BF-0AFF-4320-96A6-D95BC7048AE0}.Release|Any CPU.ActiveCfg = Release|Any CPU
		{738AD4BF-0AFF-4320-96A6-D95BC7048AE0}.Release|Any CPU.Build.0 = Release|Any CPU
		{8E5460A8-11A9-4399-8E38-6241C7D85866}.Debug|Any CPU.ActiveCfg = Debug|Any CPU
		{8E5460A8-11A9-4399-8E38-6241C7D85866}.Debug|Any CPU.Build.0 = Debug|Any CPU
		{8E5460A8-11A9-4399-8E38-6241C7D85866}.Release|Any CPU.ActiveCfg = Release|Any CPU
		{8E5460A8-11A9-4399-8E38-6241C7D85866}.Release|Any CPU.Build.0 = Release|Any CPU
		{B56929AF-85CC-4CC7-B600-A48C4E244226}.Debug|Any CPU.ActiveCfg = Debug|Any CPU
		{B56929AF-85CC-4CC7-B600-A48C4E244226}.Debug|Any CPU.Build.0 = Debug|Any CPU
		{B56929AF-85CC-4CC7-B600-A48C4E244226}.Release|Any CPU.ActiveCfg = Release|Any CPU
		{B56929AF-85CC-4CC7-B600-A48C4E244226}.Release|Any CPU.Build.0 = Release|Any CPU
		{748774AE-70B9-4E85-A3D7-3412CC64E0E7}.Debug|Any CPU.ActiveCfg = Debug|Any CPU
		{748774AE-70B9-4E85-A3D7-3412CC64E0E7}.Debug|Any CPU.Build.0 = Debug|Any CPU
		{748774AE-70B9-4E85-A3D7-3412CC64E0E7}.Release|Any CPU.ActiveCfg = Release|Any CPU
		{748774AE-70B9-4E85-A3D7-3412CC64E0E7}.Release|Any CPU.Build.0 = Release|Any CPU
		{C18F2212-2ADD-4BD4-BF82-9497BFD448D6}.Debug|Any CPU.ActiveCfg = Debug|Any CPU
		{C18F2212-2ADD-4BD4-BF82-9497BFD448D6}.Debug|Any CPU.Build.0 = Debug|Any CPU
		{C18F2212-2ADD-4BD4-BF82-9497BFD448D6}.Release|Any CPU.ActiveCfg = Release|Any CPU
		{C18F2212-2ADD-4BD4-BF82-9497BFD448D6}.Release|Any CPU.Build.0 = Release|Any CPU
		{C987FD73-2C25-4A35-B865-D08E9609BB88}.Debug|Any CPU.ActiveCfg = Debug|Any CPU
		{C987FD73-2C25-4A35-B865-D08E9609BB88}.Debug|Any CPU.Build.0 = Debug|Any CPU
		{C987FD73-2C25-4A35-B865-D08E9609BB88}.Release|Any CPU.ActiveCfg = Release|Any CPU
		{C987FD73-2C25-4A35-B865-D08E9609BB88}.Release|Any CPU.Build.0 = Release|Any CPU
		{B982C94C-8645-45DA-A330-41508935EDBF}.Debug|Any CPU.ActiveCfg = Debug|Any CPU
		{B982C94C-8645-45DA-A330-41508935EDBF}.Debug|Any CPU.Build.0 = Debug|Any CPU
		{B982C94C-8645-45DA-A330-41508935EDBF}.Release|Any CPU.ActiveCfg = Release|Any CPU
		{B982C94C-8645-45DA-A330-41508935EDBF}.Release|Any CPU.Build.0 = Release|Any CPU
		{A9720254-BF3B-4F36-860B-140E76B6123D}.Debug|Any CPU.ActiveCfg = Debug|Any CPU
		{A9720254-BF3B-4F36-860B-140E76B6123D}.Debug|Any CPU.Build.0 = Debug|Any CPU
		{A9720254-BF3B-4F36-860B-140E76B6123D}.Release|Any CPU.ActiveCfg = Release|Any CPU
		{A9720254-BF3B-4F36-860B-140E76B6123D}.Release|Any CPU.Build.0 = Release|Any CPU
		{36A619F0-A194-46DD-BC4A-E7E0687E4B33}.Debug|Any CPU.ActiveCfg = Debug|Any CPU
		{36A619F0-A194-46DD-BC4A-E7E0687E4B33}.Debug|Any CPU.Build.0 = Debug|Any CPU
		{36A619F0-A194-46DD-BC4A-E7E0687E4B33}.Release|Any CPU.ActiveCfg = Release|Any CPU
		{36A619F0-A194-46DD-BC4A-E7E0687E4B33}.Release|Any CPU.Build.0 = Release|Any CPU
		{8892073E-F0F4-480E-B5A6-6A21A0534B23}.Debug|Any CPU.ActiveCfg = Debug|Any CPU
		{8892073E-F0F4-480E-B5A6-6A21A0534B23}.Debug|Any CPU.Build.0 = Debug|Any CPU
		{8892073E-F0F4-480E-B5A6-6A21A0534B23}.Release|Any CPU.ActiveCfg = Release|Any CPU
		{8892073E-F0F4-480E-B5A6-6A21A0534B23}.Release|Any CPU.Build.0 = Release|Any CPU
		{C2D08864-A371-439A-BADB-2B0DDC150698}.Debug|Any CPU.ActiveCfg = Debug|Any CPU
		{C2D08864-A371-439A-BADB-2B0DDC150698}.Debug|Any CPU.Build.0 = Debug|Any CPU
		{C2D08864-A371-439A-BADB-2B0DDC150698}.Release|Any CPU.ActiveCfg = Release|Any CPU
		{C2D08864-A371-439A-BADB-2B0DDC150698}.Release|Any CPU.Build.0 = Release|Any CPU
		{6A205C55-343E-42EC-B429-AD34CC0BD919}.Debug|Any CPU.ActiveCfg = Debug|Any CPU
		{6A205C55-343E-42EC-B429-AD34CC0BD919}.Debug|Any CPU.Build.0 = Debug|Any CPU
		{6A205C55-343E-42EC-B429-AD34CC0BD919}.Release|Any CPU.ActiveCfg = Release|Any CPU
		{6A205C55-343E-42EC-B429-AD34CC0BD919}.Release|Any CPU.Build.0 = Release|Any CPU
		{1273D76E-DDEE-4DF1-8CB5-59EB17D8DB20}.Debug|Any CPU.ActiveCfg = Debug|Any CPU
		{1273D76E-DDEE-4DF1-8CB5-59EB17D8DB20}.Debug|Any CPU.Build.0 = Debug|Any CPU
		{1273D76E-DDEE-4DF1-8CB5-59EB17D8DB20}.Release|Any CPU.ActiveCfg = Release|Any CPU
		{1273D76E-DDEE-4DF1-8CB5-59EB17D8DB20}.Release|Any CPU.Build.0 = Release|Any CPU
		{F47EEC37-2237-4074-9EF1-469972E590D4}.Debug|Any CPU.ActiveCfg = Debug|Any CPU
		{F47EEC37-2237-4074-9EF1-469972E590D4}.Debug|Any CPU.Build.0 = Debug|Any CPU
		{F47EEC37-2237-4074-9EF1-469972E590D4}.Release|Any CPU.ActiveCfg = Release|Any CPU
		{F47EEC37-2237-4074-9EF1-469972E590D4}.Release|Any CPU.Build.0 = Release|Any CPU
		{23206B42-90E8-4F3B-96C2-D888C3D55F61}.Debug|Any CPU.ActiveCfg = Debug|Any CPU
		{23206B42-90E8-4F3B-96C2-D888C3D55F61}.Debug|Any CPU.Build.0 = Debug|Any CPU
		{23206B42-90E8-4F3B-96C2-D888C3D55F61}.Release|Any CPU.ActiveCfg = Release|Any CPU
		{23206B42-90E8-4F3B-96C2-D888C3D55F61}.Release|Any CPU.Build.0 = Release|Any CPU
		{F55A868C-7548-4D8B-8D72-F8D5731B586B}.Debug|Any CPU.ActiveCfg = Debug|Any CPU
		{F55A868C-7548-4D8B-8D72-F8D5731B586B}.Debug|Any CPU.Build.0 = Debug|Any CPU
		{F55A868C-7548-4D8B-8D72-F8D5731B586B}.Release|Any CPU.ActiveCfg = Release|Any CPU
		{F55A868C-7548-4D8B-8D72-F8D5731B586B}.Release|Any CPU.Build.0 = Release|Any CPU
		{D1A5E828-C129-41B8-996E-19291829CC78}.Debug|Any CPU.ActiveCfg = Debug|Any CPU
		{D1A5E828-C129-41B8-996E-19291829CC78}.Debug|Any CPU.Build.0 = Debug|Any CPU
		{D1A5E828-C129-41B8-996E-19291829CC78}.Release|Any CPU.ActiveCfg = Release|Any CPU
		{D1A5E828-C129-41B8-996E-19291829CC78}.Release|Any CPU.Build.0 = Release|Any CPU
		{FA6FB5E0-47FE-4628-BC69-56E156F34EB3}.Debug|Any CPU.ActiveCfg = Debug|Any CPU
		{FA6FB5E0-47FE-4628-BC69-56E156F34EB3}.Debug|Any CPU.Build.0 = Debug|Any CPU
		{FA6FB5E0-47FE-4628-BC69-56E156F34EB3}.Release|Any CPU.ActiveCfg = Release|Any CPU
		{FA6FB5E0-47FE-4628-BC69-56E156F34EB3}.Release|Any CPU.Build.0 = Release|Any CPU
		{86107BF8-B5D2-4151-AB91-FD86909F9848}.Debug|Any CPU.ActiveCfg = Debug|Any CPU
		{86107BF8-B5D2-4151-AB91-FD86909F9848}.Debug|Any CPU.Build.0 = Debug|Any CPU
		{86107BF8-B5D2-4151-AB91-FD86909F9848}.Release|Any CPU.ActiveCfg = Release|Any CPU
		{86107BF8-B5D2-4151-AB91-FD86909F9848}.Release|Any CPU.Build.0 = Release|Any CPU
		{F5F352BD-7BA4-4555-8E72-C97D81D5E22D}.Debug|Any CPU.ActiveCfg = Debug|Any CPU
		{F5F352BD-7BA4-4555-8E72-C97D81D5E22D}.Debug|Any CPU.Build.0 = Debug|Any CPU
		{F5F352BD-7BA4-4555-8E72-C97D81D5E22D}.Release|Any CPU.ActiveCfg = Release|Any CPU
		{F5F352BD-7BA4-4555-8E72-C97D81D5E22D}.Release|Any CPU.Build.0 = Release|Any CPU
		{BE1D1510-FFEF-467A-8A48-F8B82272B878}.Debug|Any CPU.ActiveCfg = Debug|Any CPU
		{BE1D1510-FFEF-467A-8A48-F8B82272B878}.Debug|Any CPU.Build.0 = Debug|Any CPU
		{BE1D1510-FFEF-467A-8A48-F8B82272B878}.Release|Any CPU.ActiveCfg = Release|Any CPU
		{BE1D1510-FFEF-467A-8A48-F8B82272B878}.Release|Any CPU.Build.0 = Release|Any CPU
		{9C8AA54E-E3C1-4302-952A-4FB28B9BACC6}.Debug|Any CPU.ActiveCfg = Debug|Any CPU
		{9C8AA54E-E3C1-4302-952A-4FB28B9BACC6}.Debug|Any CPU.Build.0 = Debug|Any CPU
		{9C8AA54E-E3C1-4302-952A-4FB28B9BACC6}.Release|Any CPU.ActiveCfg = Release|Any CPU
		{9C8AA54E-E3C1-4302-952A-4FB28B9BACC6}.Release|Any CPU.Build.0 = Release|Any CPU
		{CB2FD6C9-25A8-4298-A977-044963CA5A25}.Debug|Any CPU.ActiveCfg = Debug|Any CPU
		{CB2FD6C9-25A8-4298-A977-044963CA5A25}.Debug|Any CPU.Build.0 = Debug|Any CPU
		{CB2FD6C9-25A8-4298-A977-044963CA5A25}.Release|Any CPU.ActiveCfg = Release|Any CPU
		{CB2FD6C9-25A8-4298-A977-044963CA5A25}.Release|Any CPU.Build.0 = Release|Any CPU
		{64A71CB5-C385-4B94-9519-4B747F99DD10}.Debug|Any CPU.ActiveCfg = Debug|Any CPU
		{64A71CB5-C385-4B94-9519-4B747F99DD10}.Debug|Any CPU.Build.0 = Debug|Any CPU
		{64A71CB5-C385-4B94-9519-4B747F99DD10}.Release|Any CPU.ActiveCfg = Release|Any CPU
		{64A71CB5-C385-4B94-9519-4B747F99DD10}.Release|Any CPU.Build.0 = Release|Any CPU
		{D80C5ADF-F139-4BB6-BCAB-AEE74DE3131F}.Debug|Any CPU.ActiveCfg = Debug|Any CPU
		{D80C5ADF-F139-4BB6-BCAB-AEE74DE3131F}.Debug|Any CPU.Build.0 = Debug|Any CPU
		{D80C5ADF-F139-4BB6-BCAB-AEE74DE3131F}.Release|Any CPU.ActiveCfg = Release|Any CPU
		{D80C5ADF-F139-4BB6-BCAB-AEE74DE3131F}.Release|Any CPU.Build.0 = Release|Any CPU
		{57696F8F-EB86-45C8-9ADD-0CE1F61C39CD}.Debug|Any CPU.ActiveCfg = Debug|Any CPU
		{57696F8F-EB86-45C8-9ADD-0CE1F61C39CD}.Debug|Any CPU.Build.0 = Debug|Any CPU
		{57696F8F-EB86-45C8-9ADD-0CE1F61C39CD}.Release|Any CPU.ActiveCfg = Release|Any CPU
		{57696F8F-EB86-45C8-9ADD-0CE1F61C39CD}.Release|Any CPU.Build.0 = Release|Any CPU
		{7884A72B-92B1-4F87-ADFD-0D4AF8E1EF34}.Debug|Any CPU.ActiveCfg = Debug|Any CPU
		{7884A72B-92B1-4F87-ADFD-0D4AF8E1EF34}.Debug|Any CPU.Build.0 = Debug|Any CPU
		{7884A72B-92B1-4F87-ADFD-0D4AF8E1EF34}.Release|Any CPU.ActiveCfg = Release|Any CPU
		{7884A72B-92B1-4F87-ADFD-0D4AF8E1EF34}.Release|Any CPU.Build.0 = Release|Any CPU
		{10C985B0-E7E4-41DE-B6C0-CAF9E31A0DD7}.Debug|Any CPU.ActiveCfg = Debug|Any CPU
		{10C985B0-E7E4-41DE-B6C0-CAF9E31A0DD7}.Debug|Any CPU.Build.0 = Debug|Any CPU
		{10C985B0-E7E4-41DE-B6C0-CAF9E31A0DD7}.Release|Any CPU.ActiveCfg = Release|Any CPU
		{10C985B0-E7E4-41DE-B6C0-CAF9E31A0DD7}.Release|Any CPU.Build.0 = Release|Any CPU
		{CDBD4A72-350A-4C3A-A135-E35B48A33852}.Debug|Any CPU.ActiveCfg = Debug|Any CPU
		{CDBD4A72-350A-4C3A-A135-E35B48A33852}.Debug|Any CPU.Build.0 = Debug|Any CPU
		{CDBD4A72-350A-4C3A-A135-E35B48A33852}.Release|Any CPU.ActiveCfg = Release|Any CPU
		{CDBD4A72-350A-4C3A-A135-E35B48A33852}.Release|Any CPU.Build.0 = Release|Any CPU
		{56DA6868-8003-4815-829B-7089B8619A25}.Debug|Any CPU.ActiveCfg = Debug|Any CPU
		{56DA6868-8003-4815-829B-7089B8619A25}.Debug|Any CPU.Build.0 = Debug|Any CPU
		{56DA6868-8003-4815-829B-7089B8619A25}.Release|Any CPU.ActiveCfg = Release|Any CPU
		{56DA6868-8003-4815-829B-7089B8619A25}.Release|Any CPU.Build.0 = Release|Any CPU
		{26FC0198-CAAA-4BB0-8DE6-3E4B930830F3}.Debug|Any CPU.ActiveCfg = Debug|Any CPU
		{26FC0198-CAAA-4BB0-8DE6-3E4B930830F3}.Debug|Any CPU.Build.0 = Debug|Any CPU
		{26FC0198-CAAA-4BB0-8DE6-3E4B930830F3}.Release|Any CPU.ActiveCfg = Release|Any CPU
		{26FC0198-CAAA-4BB0-8DE6-3E4B930830F3}.Release|Any CPU.Build.0 = Release|Any CPU
		{E9DF6B49-FB2D-4088-89FC-E47A90E3B78B}.Debug|Any CPU.ActiveCfg = Debug|Any CPU
		{E9DF6B49-FB2D-4088-89FC-E47A90E3B78B}.Debug|Any CPU.Build.0 = Debug|Any CPU
		{E9DF6B49-FB2D-4088-89FC-E47A90E3B78B}.Release|Any CPU.ActiveCfg = Release|Any CPU
		{E9DF6B49-FB2D-4088-89FC-E47A90E3B78B}.Release|Any CPU.Build.0 = Release|Any CPU
		{C44A24CB-4D5A-4ADF-B32D-58245DB88986}.Debug|Any CPU.ActiveCfg = Debug|Any CPU
		{C44A24CB-4D5A-4ADF-B32D-58245DB88986}.Debug|Any CPU.Build.0 = Debug|Any CPU
		{C44A24CB-4D5A-4ADF-B32D-58245DB88986}.Release|Any CPU.ActiveCfg = Release|Any CPU
		{C44A24CB-4D5A-4ADF-B32D-58245DB88986}.Release|Any CPU.Build.0 = Release|Any CPU
		{0450F7D6-B5B0-45CE-8115-7633C14B4168}.Debug|Any CPU.ActiveCfg = Debug|Any CPU
		{0450F7D6-B5B0-45CE-8115-7633C14B4168}.Debug|Any CPU.Build.0 = Debug|Any CPU
		{0450F7D6-B5B0-45CE-8115-7633C14B4168}.Release|Any CPU.ActiveCfg = Release|Any CPU
		{0450F7D6-B5B0-45CE-8115-7633C14B4168}.Release|Any CPU.Build.0 = Release|Any CPU
		{A2D0D2C3-2306-49E9-A94C-F684DADD12B5}.Debug|Any CPU.ActiveCfg = Debug|Any CPU
		{A2D0D2C3-2306-49E9-A94C-F684DADD12B5}.Debug|Any CPU.Build.0 = Debug|Any CPU
		{A2D0D2C3-2306-49E9-A94C-F684DADD12B5}.Release|Any CPU.ActiveCfg = Release|Any CPU
		{A2D0D2C3-2306-49E9-A94C-F684DADD12B5}.Release|Any CPU.Build.0 = Release|Any CPU
		{862A719B-09DF-49D4-9DCB-CE2616BCF97E}.Debug|Any CPU.ActiveCfg = Debug|Any CPU
		{862A719B-09DF-49D4-9DCB-CE2616BCF97E}.Debug|Any CPU.Build.0 = Debug|Any CPU
		{862A719B-09DF-49D4-9DCB-CE2616BCF97E}.Release|Any CPU.ActiveCfg = Release|Any CPU
		{862A719B-09DF-49D4-9DCB-CE2616BCF97E}.Release|Any CPU.Build.0 = Release|Any CPU
		{8D78C31B-CDA6-45D8-83CC-169759F2A1E1}.Debug|Any CPU.ActiveCfg = Debug|Any CPU
		{8D78C31B-CDA6-45D8-83CC-169759F2A1E1}.Debug|Any CPU.Build.0 = Debug|Any CPU
		{8D78C31B-CDA6-45D8-83CC-169759F2A1E1}.Release|Any CPU.ActiveCfg = Release|Any CPU
		{8D78C31B-CDA6-45D8-83CC-169759F2A1E1}.Release|Any CPU.Build.0 = Release|Any CPU
		{2E1FFD5A-5D0D-4D69-A586-0DE1D08BF972}.Debug|Any CPU.ActiveCfg = Debug|Any CPU
		{2E1FFD5A-5D0D-4D69-A586-0DE1D08BF972}.Debug|Any CPU.Build.0 = Debug|Any CPU
		{2E1FFD5A-5D0D-4D69-A586-0DE1D08BF972}.Release|Any CPU.ActiveCfg = Release|Any CPU
		{2E1FFD5A-5D0D-4D69-A586-0DE1D08BF972}.Release|Any CPU.Build.0 = Release|Any CPU
		{AC326DD3-1DDC-4187-9A5A-B79186CB564B}.Debug|Any CPU.ActiveCfg = Debug|Any CPU
		{AC326DD3-1DDC-4187-9A5A-B79186CB564B}.Debug|Any CPU.Build.0 = Debug|Any CPU
		{AC326DD3-1DDC-4187-9A5A-B79186CB564B}.Release|Any CPU.ActiveCfg = Release|Any CPU
		{AC326DD3-1DDC-4187-9A5A-B79186CB564B}.Release|Any CPU.Build.0 = Release|Any CPU
		{C7288946-0921-4DC5-BD2E-BFE4E96F2B41}.Debug|Any CPU.ActiveCfg = Debug|Any CPU
		{C7288946-0921-4DC5-BD2E-BFE4E96F2B41}.Debug|Any CPU.Build.0 = Debug|Any CPU
		{C7288946-0921-4DC5-BD2E-BFE4E96F2B41}.Release|Any CPU.ActiveCfg = Release|Any CPU
		{C7288946-0921-4DC5-BD2E-BFE4E96F2B41}.Release|Any CPU.Build.0 = Release|Any CPU
		{A5E003D8-A822-4E56-A131-B3834E4E2578}.Debug|Any CPU.ActiveCfg = Debug|Any CPU
		{A5E003D8-A822-4E56-A131-B3834E4E2578}.Debug|Any CPU.Build.0 = Debug|Any CPU
		{A5E003D8-A822-4E56-A131-B3834E4E2578}.Release|Any CPU.ActiveCfg = Release|Any CPU
		{A5E003D8-A822-4E56-A131-B3834E4E2578}.Release|Any CPU.Build.0 = Release|Any CPU
		{FD6637ED-B4D8-43F8-97DF-932CC6E97B39}.Debug|Any CPU.ActiveCfg = Debug|Any CPU
		{FD6637ED-B4D8-43F8-97DF-932CC6E97B39}.Debug|Any CPU.Build.0 = Debug|Any CPU
		{FD6637ED-B4D8-43F8-97DF-932CC6E97B39}.Release|Any CPU.ActiveCfg = Release|Any CPU
		{FD6637ED-B4D8-43F8-97DF-932CC6E97B39}.Release|Any CPU.Build.0 = Release|Any CPU
		{B78AA598-12F3-4F40-8977-360A73EA2A93}.Debug|Any CPU.ActiveCfg = Debug|Any CPU
		{B78AA598-12F3-4F40-8977-360A73EA2A93}.Debug|Any CPU.Build.0 = Debug|Any CPU
		{B78AA598-12F3-4F40-8977-360A73EA2A93}.Release|Any CPU.ActiveCfg = Release|Any CPU
		{B78AA598-12F3-4F40-8977-360A73EA2A93}.Release|Any CPU.Build.0 = Release|Any CPU
		{3673B141-CABD-4A4C-9819-5490378F9642}.Debug|Any CPU.ActiveCfg = Debug|Any CPU
		{3673B141-CABD-4A4C-9819-5490378F9642}.Debug|Any CPU.Build.0 = Debug|Any CPU
		{3673B141-CABD-4A4C-9819-5490378F9642}.Release|Any CPU.ActiveCfg = Release|Any CPU
		{3673B141-CABD-4A4C-9819-5490378F9642}.Release|Any CPU.Build.0 = Release|Any CPU
	EndGlobalSection
	GlobalSection(SolutionProperties) = preSolution
		HideSolutionNode = FALSE
	EndGlobalSection
	GlobalSection(NestedProjects) = preSolution
		{443E1ADC-1888-494E-8F80-D9B82249D05E} = {421D5665-FDA1-4C74-8DF8-B74AD8CEDF7F}
		{AC0A9726-60F2-43C5-BD58-5F0CE5E6D764} = {421D5665-FDA1-4C74-8DF8-B74AD8CEDF7F}
		{98861849-4757-49B7-8B46-A6B2804DD80A} = {421D5665-FDA1-4C74-8DF8-B74AD8CEDF7F}
		{4BD57F0C-B940-42E3-AF47-11A86BFE7E16} = {421D5665-FDA1-4C74-8DF8-B74AD8CEDF7F}
		{55ED3CC6-F516-4802-8362-2C1B4D2A670C} = {421D5665-FDA1-4C74-8DF8-B74AD8CEDF7F}
		{541E1CCC-9BD5-4954-8BDA-7A482F6732E6} = {421D5665-FDA1-4C74-8DF8-B74AD8CEDF7F}
		{50EFB6CC-BD31-4BA8-B9D4-02A21B8F206B} = {421D5665-FDA1-4C74-8DF8-B74AD8CEDF7F}
		{4787C5F4-02E5-494F-856E-E842D3E7FE45} = {76A91113-E875-4D70-9385-8354403B2ECE}
		{DC545168-82C4-4B09-A82A-651666603FB2} = {421D5665-FDA1-4C74-8DF8-B74AD8CEDF7F}
		{9DFF1110-ECAF-44CF-8C31-E32F390CAE8F} = {421D5665-FDA1-4C74-8DF8-B74AD8CEDF7F}
		{C29BE539-7D0B-46C6-89B1-D7B275CB9744} = {76A91113-E875-4D70-9385-8354403B2ECE}
		{442EA195-C341-4668-BA69-477438BDE6C4} = {421D5665-FDA1-4C74-8DF8-B74AD8CEDF7F}
		{D1F0E46D-B2C2-4B44-B4A5-4C5A187722E4} = {76A91113-E875-4D70-9385-8354403B2ECE}
		{5588BFC2-4AC3-48C1-B775-2F679D0DC5BE} = {421D5665-FDA1-4C74-8DF8-B74AD8CEDF7F}
		{8096847E-BE62-476A-9803-966EFE12AA46} = {421D5665-FDA1-4C74-8DF8-B74AD8CEDF7F}
		{D8C560BA-8B85-43EA-B1E6-FE53B03F99DE} = {421D5665-FDA1-4C74-8DF8-B74AD8CEDF7F}
		{738AD4BF-0AFF-4320-96A6-D95BC7048AE0} = {76A91113-E875-4D70-9385-8354403B2ECE}
		{8E5460A8-11A9-4399-8E38-6241C7D85866} = {421D5665-FDA1-4C74-8DF8-B74AD8CEDF7F}
		{B56929AF-85CC-4CC7-B600-A48C4E244226} = {76A91113-E875-4D70-9385-8354403B2ECE}
		{748774AE-70B9-4E85-A3D7-3412CC64E0E7} = {E5B3588E-E0A6-4B6A-8B69-D67C962F2DB0}
		{C18F2212-2ADD-4BD4-BF82-9497BFD448D6} = {E5B3588E-E0A6-4B6A-8B69-D67C962F2DB0}
		{C987FD73-2C25-4A35-B865-D08E9609BB88} = {E5B3588E-E0A6-4B6A-8B69-D67C962F2DB0}
		{B982C94C-8645-45DA-A330-41508935EDBF} = {E5B3588E-E0A6-4B6A-8B69-D67C962F2DB0}
		{A9720254-BF3B-4F36-860B-140E76B6123D} = {E5B3588E-E0A6-4B6A-8B69-D67C962F2DB0}
		{36A619F0-A194-46DD-BC4A-E7E0687E4B33} = {E5B3588E-E0A6-4B6A-8B69-D67C962F2DB0}
		{8892073E-F0F4-480E-B5A6-6A21A0534B23} = {421D5665-FDA1-4C74-8DF8-B74AD8CEDF7F}
		{C2D08864-A371-439A-BADB-2B0DDC150698} = {421D5665-FDA1-4C74-8DF8-B74AD8CEDF7F}
		{6A205C55-343E-42EC-B429-AD34CC0BD919} = {421D5665-FDA1-4C74-8DF8-B74AD8CEDF7F}
		{1273D76E-DDEE-4DF1-8CB5-59EB17D8DB20} = {421D5665-FDA1-4C74-8DF8-B74AD8CEDF7F}
		{F47EEC37-2237-4074-9EF1-469972E590D4} = {AECBC820-5676-4E15-972A-48F9F7C71E9B}
		{23206B42-90E8-4F3B-96C2-D888C3D55F61} = {E5B3588E-E0A6-4B6A-8B69-D67C962F2DB0}
		{F55A868C-7548-4D8B-8D72-F8D5731B586B} = {E5B3588E-E0A6-4B6A-8B69-D67C962F2DB0}
		{D1A5E828-C129-41B8-996E-19291829CC78} = {421D5665-FDA1-4C74-8DF8-B74AD8CEDF7F}
		{FA6FB5E0-47FE-4628-BC69-56E156F34EB3} = {421D5665-FDA1-4C74-8DF8-B74AD8CEDF7F}
		{86107BF8-B5D2-4151-AB91-FD86909F9848} = {421D5665-FDA1-4C74-8DF8-B74AD8CEDF7F}
		{F5F352BD-7BA4-4555-8E72-C97D81D5E22D} = {2D053595-8328-4C5A-BE53-E4A37235F1EC}
		{BE1D1510-FFEF-467A-8A48-F8B82272B878} = {2D053595-8328-4C5A-BE53-E4A37235F1EC}
		{9C8AA54E-E3C1-4302-952A-4FB28B9BACC6} = {2D053595-8328-4C5A-BE53-E4A37235F1EC}
		{FB4BEFFA-12C0-404E-A22E-94982218D87B} = {421D5665-FDA1-4C74-8DF8-B74AD8CEDF7F}
		{CB2FD6C9-25A8-4298-A977-044963CA5A25} = {FB4BEFFA-12C0-404E-A22E-94982218D87B}
		{64A71CB5-C385-4B94-9519-4B747F99DD10} = {FB4BEFFA-12C0-404E-A22E-94982218D87B}
		{D80C5ADF-F139-4BB6-BCAB-AEE74DE3131F} = {FB4BEFFA-12C0-404E-A22E-94982218D87B}
		{6F59226E-2330-4164-B2CA-2FBD00E25232} = {421D5665-FDA1-4C74-8DF8-B74AD8CEDF7F}
		{57696F8F-EB86-45C8-9ADD-0CE1F61C39CD} = {6F59226E-2330-4164-B2CA-2FBD00E25232}
		{7884A72B-92B1-4F87-ADFD-0D4AF8E1EF34} = {6F59226E-2330-4164-B2CA-2FBD00E25232}
		{10C985B0-E7E4-41DE-B6C0-CAF9E31A0DD7} = {6F59226E-2330-4164-B2CA-2FBD00E25232}
		{CDBD4A72-350A-4C3A-A135-E35B48A33852} = {6F59226E-2330-4164-B2CA-2FBD00E25232}
		{654C9142-2174-4B46-B25F-E78A015F105D} = {421D5665-FDA1-4C74-8DF8-B74AD8CEDF7F}
		{56DA6868-8003-4815-829B-7089B8619A25} = {6EB2273E-5417-4B42-8443-A273A25F43D1}
		{26FC0198-CAAA-4BB0-8DE6-3E4B930830F3} = {421D5665-FDA1-4C74-8DF8-B74AD8CEDF7F}
		{E9DF6B49-FB2D-4088-89FC-E47A90E3B78B} = {421D5665-FDA1-4C74-8DF8-B74AD8CEDF7F}
		{C44A24CB-4D5A-4ADF-B32D-58245DB88986} = {421D5665-FDA1-4C74-8DF8-B74AD8CEDF7F}
		{0450F7D6-B5B0-45CE-8115-7633C14B4168} = {421D5665-FDA1-4C74-8DF8-B74AD8CEDF7F}
		{A2D0D2C3-2306-49E9-A94C-F684DADD12B5} = {6EB2273E-5417-4B42-8443-A273A25F43D1}
		{6EB2273E-5417-4B42-8443-A273A25F43D1} = {654C9142-2174-4B46-B25F-E78A015F105D}
		{93D48746-380E-42C4-8E35-5AC4FF143875} = {654C9142-2174-4B46-B25F-E78A015F105D}
		{862A719B-09DF-49D4-9DCB-CE2616BCF97E} = {93D48746-380E-42C4-8E35-5AC4FF143875}
		{8D78C31B-CDA6-45D8-83CC-169759F2A1E1} = {93D48746-380E-42C4-8E35-5AC4FF143875}
		{C413E00A-6E5E-4747-AD2C-8B8281EA4874} = {421D5665-FDA1-4C74-8DF8-B74AD8CEDF7F}
		{CB1DC923-FF20-46B3-8B6B-16D25414AADF} = {C413E00A-6E5E-4747-AD2C-8B8281EA4874}
		{2E1FFD5A-5D0D-4D69-A586-0DE1D08BF972} = {CB1DC923-FF20-46B3-8B6B-16D25414AADF}
		{AC326DD3-1DDC-4187-9A5A-B79186CB564B} = {CB1DC923-FF20-46B3-8B6B-16D25414AADF}
		{C7288946-0921-4DC5-BD2E-BFE4E96F2B41} = {CB1DC923-FF20-46B3-8B6B-16D25414AADF}
		{A5E003D8-A822-4E56-A131-B3834E4E2578} = {CB1DC923-FF20-46B3-8B6B-16D25414AADF}
		{81196A07-DE20-4E95-AB2A-A0504168C578} = {C413E00A-6E5E-4747-AD2C-8B8281EA4874}
		{B78AA598-12F3-4F40-8977-360A73EA2A93} = {81196A07-DE20-4E95-AB2A-A0504168C578}
		{7145778D-5455-48E6-AFCE-9784CB46BAE2} = {C413E00A-6E5E-4747-AD2C-8B8281EA4874}
		{3673B141-CABD-4A4C-9819-5490378F9642} = {7145778D-5455-48E6-AFCE-9784CB46BAE2}
	EndGlobalSection
	GlobalSection(ExtensibilityGlobals) = postSolution
		SolutionGuid = {3C587F4C-0ED6-4996-A67B-651500257992}
	EndGlobalSection
EndGlobal
